
Microsoft Visual Studio Solution File, Format Version 12.00
# Visual Studio 15
Project("{FAE04EC0-301F-11D3-BF4B-00C04F79EFBC}") = "Assembly-CSharp", "Assembly-CSharp.csproj", "{AB7CB790-1BA2-3AA8-264E-7D8E6708D57D}"
EndProject
Project("{FAE04EC0-301F-11D3-BF4B-00C04F79EFBC}") = "Assembly-CSharp-Editor", "Assembly-CSharp-Editor.csproj", "{32F27EF4-C656-DDE0-3599-E6E623BC7F7F}"
EndProject
Global
	GlobalSection(SolutionConfigurationPlatforms) = preSolution
		Debug|Any CPU = Debug|Any CPU
		Release|Any CPU = Release|Any CPU
	EndGlobalSection
	GlobalSection(ProjectConfigurationPlatforms) = postSolution
		{AB7CB790-1BA2-3AA8-264E-7D8E6708D57D}.Debug|Any CPU.ActiveCfg = Debug|Any CPU
		{AB7CB790-1BA2-3AA8-264E-7D8E6708D57D}.Debug|Any CPU.Build.0 = Debug|Any CPU
		{AB7CB790-1BA2-3AA8-264E-7D8E6708D57D}.Release|Any CPU.ActiveCfg = Release|Any CPU
		{AB7CB790-1BA2-3AA8-264E-7D8E6708D57D}.Release|Any CPU.Build.0 = Release|Any CPU
		{32F27EF4-C656-DDE0-3599-E6E623BC7F7F}.Debug|Any CPU.ActiveCfg = Debug|Any CPU
		{32F27EF4-C656-DDE0-3599-E6E623BC7F7F}.Debug|Any CPU.Build.0 = Debug|Any CPU
		{32F27EF4-C656-DDE0-3599-E6E623BC7F7F}.Release|Any CPU.ActiveCfg = Release|Any CPU
		{32F27EF4-C656-DDE0-3599-E6E623BC7F7F}.Release|Any CPU.Build.0 = Release|Any CPU
	EndGlobalSection
	GlobalSection(SolutionProperties) = preSolution
		HideSolutionNode = FALSE
	EndGlobalSection
EndGlobal
